
Microsoft Visual Studio Solution File, Format Version 12.00
# Visual Studio Version 17
VisualStudioVersion = 17.4.33213.308
MinimumVisualStudioVersion = 10.0.40219.1
Project("{FAE04EC0-301F-11D3-BF4B-00C04F79EFBC}") = "ExamenR_XGVC", "ExamenR_XGVC\ExamenR_XGVC.csproj", "{776E9967-4CA4-4FD3-B122-F161E9107AC6}"
EndProject
Global
	GlobalSection(SolutionConfigurationPlatforms) = preSolution
		Debug|Any CPU = Debug|Any CPU
		Release|Any CPU = Release|Any CPU
	EndGlobalSection
	GlobalSection(ProjectConfigurationPlatforms) = postSolution
		{776E9967-4CA4-4FD3-B122-F161E9107AC6}.Debug|Any CPU.ActiveCfg = Debug|Any CPU
		{776E9967-4CA4-4FD3-B122-F161E9107AC6}.Debug|Any CPU.Build.0 = Debug|Any CPU
		{776E9967-4CA4-4FD3-B122-F161E9107AC6}.Release|Any CPU.ActiveCfg = Release|Any CPU
		{776E9967-4CA4-4FD3-B122-F161E9107AC6}.Release|Any CPU.Build.0 = Release|Any CPU
	EndGlobalSection
	GlobalSection(SolutionProperties) = preSolution
		HideSolutionNode = FALSE
	EndGlobalSection
	GlobalSection(ExtensibilityGlobals) = postSolution
		SolutionGuid = {60A5668F-63CA-487B-8DC1-8A95FEC41655}
	EndGlobalSection
EndGlobal
